
Microsoft Visual Studio Solution File, Format Version 12.00
# Visual Studio Version 17
VisualStudioVersion = 17.2.32630.192
MinimumVisualStudioVersion = 10.0.40219.1
Project("{8BC9CEB8-8B4A-11D0-8D11-00A0C91BC942}") = "最小生成树的典型应用", "最小生成树的典型应用\最小生成树的典型应用.vcxproj", "{9FD5FDC7-6E88-493D-923F-4E4A8997C5EC}"
EndProject
Global
	GlobalSection(SolutionConfigurationPlatforms) = preSolution
		Debug|x64 = Debug|x64
		Debug|x86 = Debug|x86
		Release|x64 = Release|x64
		Release|x86 = Release|x86
	EndGlobalSection
	GlobalSection(ProjectConfigurationPlatforms) = postSolution
		{9FD5FDC7-6E88-493D-923F-4E4A8997C5EC}.Debug|x64.ActiveCfg = Debug|x64
		{9FD5FDC7-6E88-493D-923F-4E4A8997C5EC}.Debug|x64.Build.0 = Debug|x64
		{9FD5FDC7-6E88-493D-923F-4E4A8997C5EC}.Debug|x86.ActiveCfg = Debug|Win32
		{9FD5FDC7-6E88-493D-923F-4E4A8997C5EC}.Debug|x86.Build.0 = Debug|Win32
		{9FD5FDC7-6E88-493D-923F-4E4A8997C5EC}.Release|x64.ActiveCfg = Release|x64
		{9FD5FDC7-6E88-493D-923F-4E4A8997C5EC}.Release|x64.Build.0 = Release|x64
		{9FD5FDC7-6E88-493D-923F-4E4A8997C5EC}.Release|x86.ActiveCfg = Release|Win32
		{9FD5FDC7-6E88-493D-923F-4E4A8997C5EC}.Release|x86.Build.0 = Release|Win32
	EndGlobalSection
	GlobalSection(SolutionProperties) = preSolution
		HideSolutionNode = FALSE
	EndGlobalSection
	GlobalSection(ExtensibilityGlobals) = postSolution
		SolutionGuid = {A5163CAD-BAC9-43AC-9417-340F1E575ED3}
	EndGlobalSection
EndGlobal
