
Microsoft Visual Studio Solution File, Format Version 12.00
# Visual Studio Version 17
VisualStudioVersion = 17.2.32630.192
MinimumVisualStudioVersion = 10.0.40219.1
Project("{8BC9CEB8-8B4A-11D0-8D11-00A0C91BC942}") = "搜索", "搜索\搜索.vcxproj", "{23B6DB6C-A0DC-438C-9EA3-276174F4BDAA}"
EndProject
Global
	GlobalSection(SolutionConfigurationPlatforms) = preSolution
		Debug|x64 = Debug|x64
		Debug|x86 = Debug|x86
		Release|x64 = Release|x64
		Release|x86 = Release|x86
	EndGlobalSection
	GlobalSection(ProjectConfigurationPlatforms) = postSolution
		{23B6DB6C-A0DC-438C-9EA3-276174F4BDAA}.Debug|x64.ActiveCfg = Debug|x64
		{23B6DB6C-A0DC-438C-9EA3-276174F4BDAA}.Debug|x64.Build.0 = Debug|x64
		{23B6DB6C-A0DC-438C-9EA3-276174F4BDAA}.Debug|x86.ActiveCfg = Debug|Win32
		{23B6DB6C-A0DC-438C-9EA3-276174F4BDAA}.Debug|x86.Build.0 = Debug|Win32
		{23B6DB6C-A0DC-438C-9EA3-276174F4BDAA}.Release|x64.ActiveCfg = Release|x64
		{23B6DB6C-A0DC-438C-9EA3-276174F4BDAA}.Release|x64.Build.0 = Release|x64
		{23B6DB6C-A0DC-438C-9EA3-276174F4BDAA}.Release|x86.ActiveCfg = Release|Win32
		{23B6DB6C-A0DC-438C-9EA3-276174F4BDAA}.Release|x86.Build.0 = Release|Win32
	EndGlobalSection
	GlobalSection(SolutionProperties) = preSolution
		HideSolutionNode = FALSE
	EndGlobalSection
	GlobalSection(ExtensibilityGlobals) = postSolution
		SolutionGuid = {A41F7A4E-B367-4C4C-9A8A-2319B43F212D}
	EndGlobalSection
EndGlobal
